
Microsoft Visual Studio Solution File, Format Version 12.00
# Visual Studio Version 17
VisualStudioVersion = 17.0.32014.148
MinimumVisualStudioVersion = 10.0.40219.1
Project("{FAE04EC0-301F-11D3-BF4B-00C04F79EFBC}") = "UnixCommandInvokeHelper", "UnixCommandInvokeHelper\UnixCommandInvokeHelper.csproj", "{C59AD859-5F18-46D3-BB94-756C60FBADAD}"
EndProject
Global
	GlobalSection(SolutionConfigurationPlatforms) = preSolution
		Debug|Any CPU = Debug|Any CPU
		Release|Any CPU = Release|Any CPU
	EndGlobalSection
	GlobalSection(ProjectConfigurationPlatforms) = postSolution
		{C59AD859-5F18-46D3-BB94-756C60FBADAD}.Debug|Any CPU.ActiveCfg = Debug|Any CPU
		{C59AD859-5F18-46D3-BB94-756C60FBADAD}.Debug|Any CPU.Build.0 = Debug|Any CPU
		{C59AD859-5F18-46D3-BB94-756C60FBADAD}.Release|Any CPU.ActiveCfg = Release|Any CPU
		{C59AD859-5F18-46D3-BB94-756C60FBADAD}.Release|Any CPU.Build.0 = Release|Any CPU
	EndGlobalSection
	GlobalSection(SolutionProperties) = preSolution
		HideSolutionNode = FALSE
	EndGlobalSection
	GlobalSection(ExtensibilityGlobals) = postSolution
		SolutionGuid = {76701B55-A26C-4452-90CA-A05A38EC8D61}
	EndGlobalSection
EndGlobal
